// !$*UTF8*$!
{
	archiveVersion = 1;
	classes = {
	};
	objectVersion = 46;
	objects = {

/* Begin PBXBuildFile section */
		8409BA7D1C13329100962068 /* Point.swift in Sources */ = {isa = PBXBuildFile; fileRef = 8409BA7C1C13329100962068 /* Point.swift */; };
		8409BA811C1332DE00962068 /* Tree.swift in Sources */ = {isa = PBXBuildFile; fileRef = 8409BA801C1332DE00962068 /* Tree.swift */; };
		8409BA831C13356B00962068 /* Branch.swift in Sources */ = {isa = PBXBuildFile; fileRef = 8409BA821C13356B00962068 /* Branch.swift */; };
		8409BA851C134D9900962068 /* Grid.swift in Sources */ = {isa = PBXBuildFile; fileRef = 8409BA841C134D9900962068 /* Grid.swift */; };
		8409BA871C134E3800962068 /* Leaf.swift in Sources */ = {isa = PBXBuildFile; fileRef = 8409BA861C134E3800962068 /* Leaf.swift */; };
		8409BA891C147E5A00962068 /* GridTests.swift in Sources */ = {isa = PBXBuildFile; fileRef = 8409BA881C147E5A00962068 /* GridTests.swift */; };
		8409BA8B1C1481BF00962068 /* PointTests.swift in Sources */ = {isa = PBXBuildFile; fileRef = 8409BA8A1C1481BF00962068 /* PointTests.swift */; };
		8409BA8D1C14DA0200962068 /* LeafTests.swift in Sources */ = {isa = PBXBuildFile; fileRef = 8409BA8C1C14DA0200962068 /* LeafTests.swift */; };
		8409BA8F1C14DBFE00962068 /* BranchTests.swift in Sources */ = {isa = PBXBuildFile; fileRef = 8409BA8E1C14DBFE00962068 /* BranchTests.swift */; };
		841B613F1C36E9F300BE6740 /* Conway.fp in Resources */ = {isa = PBXBuildFile; fileRef = 841B613E1C36E9F300BE6740 /* Conway.fp */; };
		841B61421C36F48400BE6740 /* Conway.vp in Resources */ = {isa = PBXBuildFile; fileRef = 841B613C1C36E9AF00BE6740 /* Conway.vp */; };
		841B61451C36F4E900BE6740 /* Grift.framework in Frameworks */ = {isa = PBXBuildFile; fileRef = 841B61331C36E94B00BE6740 /* Grift.framework */; };
		843400001C0B9B0A00B1029D /* CellulonTests.swift in Sources */ = {isa = PBXBuildFile; fileRef = 8434FFFF1C0B9B0A00B1029D /* CellulonTests.swift */; };
		8434FFEB1C0B9B0A00B1029D /* AppDelegate.swift in Sources */ = {isa = PBXBuildFile; fileRef = 8434FFEA1C0B9B0A00B1029D /* AppDelegate.swift */; };
		8434FFED1C0B9B0A00B1029D /* Automaton1_5VC.swift in Sources */ = {isa = PBXBuildFile; fileRef = 8434FFEC1C0B9B0A00B1029D /* Automaton1_5VC.swift */; };
		8434FFF01C0B9B0A00B1029D /* Main.storyboard in Resources */ = {isa = PBXBuildFile; fileRef = 8434FFEE1C0B9B0A00B1029D /* Main.storyboard */; };
		8434FFF21C0B9B0A00B1029D /* Assets.xcassets in Resources */ = {isa = PBXBuildFile; fileRef = 8434FFF11C0B9B0A00B1029D /* Assets.xcassets */; };
		8434FFF51C0B9B0A00B1029D /* LaunchScreen.storyboard in Resources */ = {isa = PBXBuildFile; fileRef = 8434FFF31C0B9B0A00B1029D /* LaunchScreen.storyboard */; };
		84351E631C3F7A980078D5CF /* David med.png in Resources */ = {isa = PBXBuildFile; fileRef = 84351E621C3F7A980078D5CF /* David med.png */; };
		845F5FB91C25A5B6005337E9 /* Bitmap+ImageCreating.m in Sources */ = {isa = PBXBuildFile; fileRef = 845F5FB81C25A5B6005337E9 /* Bitmap+ImageCreating.m */; };
		845F5FBB1C25A725005337E9 /* BitmapTests.swift in Sources */ = {isa = PBXBuildFile; fileRef = 845F5FBA1C25A725005337E9 /* BitmapTests.swift */; };
		845F5FBD1C270D65005337E9 /* bitmapTestImage.png in Resources */ = {isa = PBXBuildFile; fileRef = 845F5FBC1C270D65005337E9 /* bitmapTestImage.png */; };
		845F5FC01C288B43005337E9 /* AutomatonTests.swift in Sources */ = {isa = PBXBuildFile; fileRef = 845F5FBF1C288B43005337E9 /* AutomatonTests.swift */; };
		845F5FC21C29944D005337E9 /* Bitmap.swift in Sources */ = {isa = PBXBuildFile; fileRef = 845F5FC11C29944D005337E9 /* Bitmap.swift */; };
		845F5FC41C2994B2005337E9 /* ColorConvertible.swift in Sources */ = {isa = PBXBuildFile; fileRef = 845F5FC31C2994B2005337E9 /* ColorConvertible.swift */; };
		845F5FC61C299570005337E9 /* Functions.swift in Sources */ = {isa = PBXBuildFile; fileRef = 845F5FC51C299570005337E9 /* Functions.swift */; };
		845F5FC81C2B0045005337E9 /* Settings.swift in Sources */ = {isa = PBXBuildFile; fileRef = 845F5FC71C2B0045005337E9 /* Settings.swift */; };
		847660FB1C355D7200696B04 /* Auto2GLView.swift in Sources */ = {isa = PBXBuildFile; fileRef = 847660FA1C355D7200696B04 /* Auto2GLView.swift */; };
		848607F51C2B080400259B29 /* Table.swift in Sources */ = {isa = PBXBuildFile; fileRef = 848607F41C2B080400259B29 /* Table.swift */; };
		84A715AE1C3ABF6F00C8C878 /* Grift.framework in CopyFiles */ = {isa = PBXBuildFile; fileRef = 841B61331C36E94B00BE6740 /* Grift.framework */; settings = {ATTRIBUTES = (CodeSignOnCopy, RemoveHeadersOnCopy, ); }; };
		84DC50E31C204FB3007D2DED /* Bitmap.m in Sources */ = {isa = PBXBuildFile; fileRef = 84DC50E21C204FB3007D2DED /* Bitmap.m */; };
		84DF93721C2C392E00813C6C /* RuleBitsView.xib in Resources */ = {isa = PBXBuildFile; fileRef = 84DF93711C2C392E00813C6C /* RuleBitsView.xib */; };
		84DF937D1C2EEDE600813C6C /* RuleBitsView.swift in Sources */ = {isa = PBXBuildFile; fileRef = 84DF937C1C2EEDE600813C6C /* RuleBitsView.swift */; };
		84DF937F1C2EEDFE00813C6C /* BitView.swift in Sources */ = {isa = PBXBuildFile; fileRef = 84DF937E1C2EEDFE00813C6C /* BitView.swift */; };
		84DF93811C2EEF0000813C6C /* PatternCell.swift in Sources */ = {isa = PBXBuildFile; fileRef = 84DF93801C2EEF0000813C6C /* PatternCell.swift */; };
		84DF93831C2EEF5F00813C6C /* SettingsTable.swift in Sources */ = {isa = PBXBuildFile; fileRef = 84DF93821C2EEF5F00813C6C /* SettingsTable.swift */; };
		84DF93851C2EFE4900813C6C /* SettingsOptions.swift in Sources */ = {isa = PBXBuildFile; fileRef = 84DF93841C2EFE4900813C6C /* SettingsOptions.swift */; };
		84DF93891C2F765700813C6C /* Automaton2VC.swift in Sources */ = {isa = PBXBuildFile; fileRef = 84DF93881C2F765700813C6C /* Automaton2VC.swift */; };
		84DF938B1C30656600813C6C /* Automaton1_5CollectionVC.swift in Sources */ = {isa = PBXBuildFile; fileRef = 84DF938A1C30656600813C6C /* Automaton1_5CollectionVC.swift */; };
		84DF938F1C306DBA00813C6C /* Collection.swift in Sources */ = {isa = PBXBuildFile; fileRef = 84DF938E1C306DBA00813C6C /* Collection.swift */; };
		84DF93911C306FC300813C6C /* A1_5Cell.swift in Sources */ = {isa = PBXBuildFile; fileRef = 84DF93901C306FC300813C6C /* A1_5Cell.swift */; };
		84DF93951C318DBD00813C6C /* Automaton2Test.swift in Sources */ = {isa = PBXBuildFile; fileRef = 84DF93941C318DBD00813C6C /* Automaton2Test.swift */; };
		84DF93A11C31ADA400813C6C /* automaton2TestImage_0.png in Resources */ = {isa = PBXBuildFile; fileRef = 84DF93961C31ADA400813C6C /* automaton2TestImage_0.png */; };
		84DF93A21C31ADA400813C6C /* automaton2TestImage_1.png in Resources */ = {isa = PBXBuildFile; fileRef = 84DF93971C31ADA400813C6C /* automaton2TestImage_1.png */; };
		84DF93A31C31ADA400813C6C /* automaton2TestImage_2.png in Resources */ = {isa = PBXBuildFile; fileRef = 84DF93981C31ADA400813C6C /* automaton2TestImage_2.png */; };
		84DF93A41C31ADA400813C6C /* automaton2TestImage_3.png in Resources */ = {isa = PBXBuildFile; fileRef = 84DF93991C31ADA400813C6C /* automaton2TestImage_3.png */; };
		84DF93AD1C32D44400813C6C /* Automaton2View.swift in Sources */ = {isa = PBXBuildFile; fileRef = 84DF93AC1C32D44400813C6C /* Automaton2View.swift */; };
		84DF93B21C34417B00813C6C /* Automaton2Metal.swift in Sources */ = {isa = PBXBuildFile; fileRef = 84DF93B11C34417B00813C6C /* Automaton2Metal.swift */; };
		84DF93B41C344E3B00813C6C /* MetalView.swift in Sources */ = {isa = PBXBuildFile; fileRef = 84DF93B31C344E3B00813C6C /* MetalView.swift */; };
		84E86D6F1C1C23B200658C6C /* Automaton.swift in Sources */ = {isa = PBXBuildFile; fileRef = 84E86D6E1C1C23B200658C6C /* Automaton.swift */; };
/* End PBXBuildFile section */

/* Begin PBXContainerItemProxy section */
		841B61321C36E94B00BE6740 /* PBXContainerItemProxy */ = {
			isa = PBXContainerItemProxy;
			containerPortal = 841B612C1C36E94B00BE6740 /* Grift.xcodeproj */;
			proxyType = 2;
			remoteGlobalIDString = 847661381C36082D00696B04;
			remoteInfo = Grift;
		};
		841B61341C36E94B00BE6740 /* PBXContainerItemProxy */ = {
			isa = PBXContainerItemProxy;
			containerPortal = 841B612C1C36E94B00BE6740 /* Grift.xcodeproj */;
			proxyType = 2;
			remoteGlobalIDString = 847661421C36082D00696B04;
			remoteInfo = GriftTests;
		};
		841B61361C36E94B00BE6740 /* PBXContainerItemProxy */ = {
			isa = PBXContainerItemProxy;
			containerPortal = 841B612C1C36E94B00BE6740 /* Grift.xcodeproj */;
			proxyType = 2;
			remoteGlobalIDString = 8476615E1C3609D800696B04;
			remoteInfo = Filch;
		};
		841B61431C36F4D900BE6740 /* PBXContainerItemProxy */ = {
			isa = PBXContainerItemProxy;
			containerPortal = 841B612C1C36E94B00BE6740 /* Grift.xcodeproj */;
			proxyType = 1;
			remoteGlobalIDString = 847661371C36082D00696B04;
			remoteInfo = Grift;
		};
		8434FFFC1C0B9B0A00B1029D /* PBXContainerItemProxy */ = {
			isa = PBXContainerItemProxy;
			containerPortal = 8434FFDF1C0B9B0A00B1029D /* Project object */;
			proxyType = 1;
			remoteGlobalIDString = 8434FFE61C0B9B0A00B1029D;
			remoteInfo = Cellulon;
		};
/* End PBXContainerItemProxy section */

/* Begin PBXCopyFilesBuildPhase section */
		84A715AD1C3ABF6600C8C878 /* CopyFiles */ = {
			isa = PBXCopyFilesBuildPhase;
			buildActionMask = 2147483647;
			dstPath = "";
			dstSubfolderSpec = 10;
			files = (
				84A715AE1C3ABF6F00C8C878 /* Grift.framework in CopyFiles */,
			);
			runOnlyForDeploymentPostprocessing = 0;
		};
/* End PBXCopyFilesBuildPhase section */

/* Begin PBXFileReference section */
		8409BA7C1C13329100962068 /* Point.swift */ = {isa = PBXFileReference; fileEncoding = 4; lastKnownFileType = sourcecode.swift; path = Point.swift; sourceTree = "<group>"; };
		8409BA801C1332DE00962068 /* Tree.swift */ = {isa = PBXFileReference; fileEncoding = 4; lastKnownFileType = sourcecode.swift; path = Tree.swift; sourceTree = "<group>"; };
		8409BA821C13356B00962068 /* Branch.swift */ = {isa = PBXFileReference; fileEncoding = 4; lastKnownFileType = sourcecode.swift; path = Branch.swift; sourceTree = "<group>"; };
		8409BA841C134D9900962068 /* Grid.swift */ = {isa = PBXFileReference; fileEncoding = 4; lastKnownFileType = sourcecode.swift; path = Grid.swift; sourceTree = "<group>"; };
		8409BA861C134E3800962068 /* Leaf.swift */ = {isa = PBXFileReference; fileEncoding = 4; lastKnownFileType = sourcecode.swift; path = Leaf.swift; sourceTree = "<group>"; };
		8409BA881C147E5A00962068 /* GridTests.swift */ = {isa = PBXFileReference; fileEncoding = 4; lastKnownFileType = sourcecode.swift; path = GridTests.swift; sourceTree = "<group>"; };
		8409BA8A1C1481BF00962068 /* PointTests.swift */ = {isa = PBXFileReference; fileEncoding = 4; lastKnownFileType = sourcecode.swift; path = PointTests.swift; sourceTree = "<group>"; };
		8409BA8C1C14DA0200962068 /* LeafTests.swift */ = {isa = PBXFileReference; fileEncoding = 4; lastKnownFileType = sourcecode.swift; path = LeafTests.swift; sourceTree = "<group>"; };
		8409BA8E1C14DBFE00962068 /* BranchTests.swift */ = {isa = PBXFileReference; fileEncoding = 4; lastKnownFileType = sourcecode.swift; path = BranchTests.swift; sourceTree = "<group>"; };
		841B612C1C36E94B00BE6740 /* Grift.xcodeproj */ = {isa = PBXFileReference; lastKnownFileType = "wrapper.pb-project"; name = Grift.xcodeproj; path = Submodules/Grift/Grift.xcodeproj; sourceTree = "<group>"; };
		841B613C1C36E9AF00BE6740 /* Conway.vp */ = {isa = PBXFileReference; explicitFileType = sourcecode.glsl; fileEncoding = 4; path = Conway.vp; sourceTree = "<group>"; };
		841B613E1C36E9F300BE6740 /* Conway.fp */ = {isa = PBXFileReference; explicitFileType = sourcecode.glsl; fileEncoding = 4; path = Conway.fp; sourceTree = "<group>"; };
		842F31FA1C1AFC02002202AB /* README.md */ = {isa = PBXFileReference; fileEncoding = 4; lastKnownFileType = net.daringfireball.markdown; path = README.md; sourceTree = SOURCE_ROOT; };
		843400011C0B9B0A00B1029D /* Info.plist */ = {isa = PBXFileReference; lastKnownFileType = text.plist.xml; path = Info.plist; sourceTree = "<group>"; };
		8434FFE71C0B9B0A00B1029D /* Cellulon.app */ = {isa = PBXFileReference; explicitFileType = wrapper.application; includeInIndex = 0; path = Cellulon.app; sourceTree = BUILT_PRODUCTS_DIR; };
		8434FFEA1C0B9B0A00B1029D /* AppDelegate.swift */ = {isa = PBXFileReference; lastKnownFileType = sourcecode.swift; path = AppDelegate.swift; sourceTree = "<group>"; };
		8434FFEC1C0B9B0A00B1029D /* Automaton1_5VC.swift */ = {isa = PBXFileReference; lastKnownFileType = sourcecode.swift; path = Automaton1_5VC.swift; sourceTree = "<group>"; };
		8434FFEF1C0B9B0A00B1029D /* Base */ = {isa = PBXFileReference; lastKnownFileType = file.storyboard; name = Base; path = Base.lproj/Main.storyboard; sourceTree = "<group>"; };
		8434FFF11C0B9B0A00B1029D /* Assets.xcassets */ = {isa = PBXFileReference; lastKnownFileType = folder.assetcatalog; path = Assets.xcassets; sourceTree = "<group>"; };
		8434FFF41C0B9B0A00B1029D /* Base */ = {isa = PBXFileReference; lastKnownFileType = file.storyboard; name = Base; path = Base.lproj/LaunchScreen.storyboard; sourceTree = "<group>"; };
		8434FFF61C0B9B0A00B1029D /* Info.plist */ = {isa = PBXFileReference; lastKnownFileType = text.plist.xml; path = Info.plist; sourceTree = "<group>"; };
		8434FFFB1C0B9B0A00B1029D /* CellulonTests.xctest */ = {isa = PBXFileReference; explicitFileType = wrapper.cfbundle; includeInIndex = 0; path = CellulonTests.xctest; sourceTree = BUILT_PRODUCTS_DIR; };
		8434FFFF1C0B9B0A00B1029D /* CellulonTests.swift */ = {isa = PBXFileReference; lastKnownFileType = sourcecode.swift; path = CellulonTests.swift; sourceTree = "<group>"; };
		84351E621C3F7A980078D5CF /* David med.png */ = {isa = PBXFileReference; lastKnownFileType = image.png; path = "David med.png"; sourceTree = "<group>"; };
		845F5FB71C25A5B6005337E9 /* Bitmap+ImageCreating.h */ = {isa = PBXFileReference; fileEncoding = 4; lastKnownFileType = sourcecode.c.h; path = "Bitmap+ImageCreating.h"; sourceTree = "<group>"; };
		845F5FB81C25A5B6005337E9 /* Bitmap+ImageCreating.m */ = {isa = PBXFileReference; fileEncoding = 4; lastKnownFileType = sourcecode.c.objc; path = "Bitmap+ImageCreating.m"; sourceTree = "<group>"; };
		845F5FBA1C25A725005337E9 /* BitmapTests.swift */ = {isa = PBXFileReference; fileEncoding = 4; lastKnownFileType = sourcecode.swift; path = BitmapTests.swift; sourceTree = "<group>"; };
		845F5FBC1C270D65005337E9 /* bitmapTestImage.png */ = {isa = PBXFileReference; lastKnownFileType = image.png; path = bitmapTestImage.png; sourceTree = "<group>"; };
		845F5FBF1C288B43005337E9 /* AutomatonTests.swift */ = {isa = PBXFileReference; fileEncoding = 4; lastKnownFileType = sourcecode.swift; path = AutomatonTests.swift; sourceTree = "<group>"; };
		845F5FC11C29944D005337E9 /* Bitmap.swift */ = {isa = PBXFileReference; fileEncoding = 4; lastKnownFileType = sourcecode.swift; path = Bitmap.swift; sourceTree = "<group>"; };
		845F5FC31C2994B2005337E9 /* ColorConvertible.swift */ = {isa = PBXFileReference; fileEncoding = 4; lastKnownFileType = sourcecode.swift; path = ColorConvertible.swift; sourceTree = "<group>"; };
		845F5FC51C299570005337E9 /* Functions.swift */ = {isa = PBXFileReference; fileEncoding = 4; lastKnownFileType = sourcecode.swift; path = Functions.swift; sourceTree = "<group>"; };
		845F5FC71C2B0045005337E9 /* Settings.swift */ = {isa = PBXFileReference; fileEncoding = 4; lastKnownFileType = sourcecode.swift; path = Settings.swift; sourceTree = "<group>"; };
		847660FA1C355D7200696B04 /* Auto2GLView.swift */ = {isa = PBXFileReference; fileEncoding = 4; lastKnownFileType = sourcecode.swift; path = Auto2GLView.swift; sourceTree = "<group>"; };
		848607F41C2B080400259B29 /* Table.swift */ = {isa = PBXFileReference; fileEncoding = 4; lastKnownFileType = sourcecode.swift; path = Table.swift; sourceTree = "<group>"; };
		84DC50E01C204FB3007D2DED /* Cellulon-Bridging-Header.h */ = {isa = PBXFileReference; lastKnownFileType = sourcecode.c.h; path = "Cellulon-Bridging-Header.h"; sourceTree = "<group>"; };
		84DC50E11C204FB3007D2DED /* Bitmap.h */ = {isa = PBXFileReference; fileEncoding = 4; lastKnownFileType = sourcecode.c.h; path = Bitmap.h; sourceTree = "<group>"; };
		84DC50E21C204FB3007D2DED /* Bitmap.m */ = {isa = PBXFileReference; fileEncoding = 4; lastKnownFileType = sourcecode.c.objc; path = Bitmap.m; sourceTree = "<group>"; };
		84DF93711C2C392E00813C6C /* RuleBitsView.xib */ = {isa = PBXFileReference; fileEncoding = 4; lastKnownFileType = file.xib; path = RuleBitsView.xib; sourceTree = "<group>"; };
		84DF937C1C2EEDE600813C6C /* RuleBitsView.swift */ = {isa = PBXFileReference; fileEncoding = 4; lastKnownFileType = sourcecode.swift; path = RuleBitsView.swift; sourceTree = "<group>"; };
		84DF937E1C2EEDFE00813C6C /* BitView.swift */ = {isa = PBXFileReference; fileEncoding = 4; lastKnownFileType = sourcecode.swift; path = BitView.swift; sourceTree = "<group>"; };
		84DF93801C2EEF0000813C6C /* PatternCell.swift */ = {isa = PBXFileReference; fileEncoding = 4; lastKnownFileType = sourcecode.swift; path = PatternCell.swift; sourceTree = "<group>"; };
		84DF93821C2EEF5F00813C6C /* SettingsTable.swift */ = {isa = PBXFileReference; fileEncoding = 4; lastKnownFileType = sourcecode.swift; path = SettingsTable.swift; sourceTree = "<group>"; };
		84DF93841C2EFE4900813C6C /* SettingsOptions.swift */ = {isa = PBXFileReference; fileEncoding = 4; lastKnownFileType = sourcecode.swift; path = SettingsOptions.swift; sourceTree = "<group>"; };
		84DF93881C2F765700813C6C /* Automaton2VC.swift */ = {isa = PBXFileReference; fileEncoding = 4; lastKnownFileType = sourcecode.swift; path = Automaton2VC.swift; sourceTree = "<group>"; };
		84DF938A1C30656600813C6C /* Automaton1_5CollectionVC.swift */ = {isa = PBXFileReference; fileEncoding = 4; lastKnownFileType = sourcecode.swift; path = Automaton1_5CollectionVC.swift; sourceTree = "<group>"; };
		84DF938E1C306DBA00813C6C /* Collection.swift */ = {isa = PBXFileReference; fileEncoding = 4; lastKnownFileType = sourcecode.swift; path = Collection.swift; sourceTree = "<group>"; };
		84DF93901C306FC300813C6C /* A1_5Cell.swift */ = {isa = PBXFileReference; fileEncoding = 4; lastKnownFileType = sourcecode.swift; path = A1_5Cell.swift; sourceTree = "<group>"; };
		84DF93941C318DBD00813C6C /* Automaton2Test.swift */ = {isa = PBXFileReference; fileEncoding = 4; lastKnownFileType = sourcecode.swift; name = Automaton2Test.swift; path = CellulonTests/Automaton2Test.swift; sourceTree = SOURCE_ROOT; };
		84DF93961C31ADA400813C6C /* automaton2TestImage_0.png */ = {isa = PBXFileReference; lastKnownFileType = image.png; path = automaton2TestImage_0.png; sourceTree = "<group>"; };
		84DF93971C31ADA400813C6C /* automaton2TestImage_1.png */ = {isa = PBXFileReference; lastKnownFileType = image.png; path = automaton2TestImage_1.png; sourceTree = "<group>"; };
		84DF93981C31ADA400813C6C /* automaton2TestImage_2.png */ = {isa = PBXFileReference; lastKnownFileType = image.png; path = automaton2TestImage_2.png; sourceTree = "<group>"; };
		84DF93991C31ADA400813C6C /* automaton2TestImage_3.png */ = {isa = PBXFileReference; lastKnownFileType = image.png; path = automaton2TestImage_3.png; sourceTree = "<group>"; };
		84DF93AC1C32D44400813C6C /* Automaton2View.swift */ = {isa = PBXFileReference; fileEncoding = 4; lastKnownFileType = sourcecode.swift; path = Automaton2View.swift; sourceTree = "<group>"; };
		84DF93B11C34417B00813C6C /* Automaton2Metal.swift */ = {isa = PBXFileReference; fileEncoding = 4; lastKnownFileType = sourcecode.swift; path = Automaton2Metal.swift; sourceTree = "<group>"; };
		84DF93B31C344E3B00813C6C /* MetalView.swift */ = {isa = PBXFileReference; fileEncoding = 4; lastKnownFileType = sourcecode.swift; path = MetalView.swift; sourceTree = "<group>"; };
		84DF93B51C34518E00813C6C /* Shaders.metal */ = {isa = PBXFileReference; fileEncoding = 4; lastKnownFileType = sourcecode.metal; path = Shaders.metal; sourceTree = "<group>"; };
		84E86D6E1C1C23B200658C6C /* Automaton.swift */ = {isa = PBXFileReference; fileEncoding = 4; lastKnownFileType = sourcecode.swift; path = Automaton.swift; sourceTree = "<group>"; };
/* End PBXFileReference section */

/* Begin PBXFrameworksBuildPhase section */
		8434FFE41C0B9B0A00B1029D /* Frameworks */ = {
			isa = PBXFrameworksBuildPhase;
			buildActionMask = 2147483647;
			files = (
				841B61451C36F4E900BE6740 /* Grift.framework in Frameworks */,
			);
			runOnlyForDeploymentPostprocessing = 0;
		};
		8434FFF81C0B9B0A00B1029D /* Frameworks */ = {
			isa = PBXFrameworksBuildPhase;
			buildActionMask = 2147483647;
			files = (
			);
			runOnlyForDeploymentPostprocessing = 0;
		};
/* End PBXFrameworksBuildPhase section */

/* Begin PBXGroup section */
		8409BA761C1331B300962068 /* Model */ = {
			isa = PBXGroup;
			children = (
				84E86D6E1C1C23B200658C6C /* Automaton.swift */,
				845F5FC11C29944D005337E9 /* Bitmap.swift */,
				8409BA821C13356B00962068 /* Branch.swift */,
				845F5FC51C299570005337E9 /* Functions.swift */,
				8409BA841C134D9900962068 /* Grid.swift */,
				8409BA861C134E3800962068 /* Leaf.swift */,
				8409BA7C1C13329100962068 /* Point.swift */,
				8409BA801C1332DE00962068 /* Tree.swift */,
				845F5FC31C2994B2005337E9 /* ColorConvertible.swift */,
			);
			name = Model;
			sourceTree = "<group>";
		};
		8409BA771C1331C300962068 /* Interfaces */ = {
			isa = PBXGroup;
			children = (
				8434FFEE1C0B9B0A00B1029D /* Main.storyboard */,
				8434FFF31C0B9B0A00B1029D /* LaunchScreen.storyboard */,
				84DF93711C2C392E00813C6C /* RuleBitsView.xib */,
			);
			name = Interfaces;
			sourceTree = "<group>";
		};
		8409BA781C1331ED00962068 /* Sources */ = {
			isa = PBXGroup;
			children = (
				8434FFEA1C0B9B0A00B1029D /* AppDelegate.swift */,
				8409BA791C1331F300962068 /* Automaton 1.5 */,
				84DF93921C306FCE00813C6C /* Automaton 1_5 Collection */,
				84DF93871C2F760800813C6C /* Automaton 2 */,
				84DF93B01C34415800813C6C /* Automaton 2 Metal */,
				847660F91C355D2200696B04 /* Automaton 2 OpenGL */,
				84DF93931C308A1100813C6C /* Bitmap creation */,
				8409BA761C1331B300962068 /* Model */,
				84DC50E01C204FB3007D2DED /* Cellulon-Bridging-Header.h */,
			);
			name = Sources;
			sourceTree = "<group>";
		};
		8409BA791C1331F300962068 /* Automaton 1.5 */ = {
			isa = PBXGroup;
			children = (
				8434FFEC1C0B9B0A00B1029D /* Automaton1_5VC.swift */,
				84DF937E1C2EEDFE00813C6C /* BitView.swift */,
				84DF93801C2EEF0000813C6C /* PatternCell.swift */,
				84DF937C1C2EEDE600813C6C /* RuleBitsView.swift */,
				845F5FC71C2B0045005337E9 /* Settings.swift */,
				84DF93841C2EFE4900813C6C /* SettingsOptions.swift */,
				84DF93821C2EEF5F00813C6C /* SettingsTable.swift */,
				848607F41C2B080400259B29 /* Table.swift */,
			);
			name = "Automaton 1.5";
			sourceTree = "<group>";
		};
		841B612D1C36E94B00BE6740 /* Products */ = {
			isa = PBXGroup;
			children = (
				841B61331C36E94B00BE6740 /* Grift.framework */,
				841B61351C36E94B00BE6740 /* GriftTests.xctest */,
				841B61371C36E94B00BE6740 /* Filch.app */,
			);
			name = Products;
			sourceTree = "<group>";
		};
		8434FFDE1C0B9B0A00B1029D = {
			isa = PBXGroup;
			children = (
				841B612C1C36E94B00BE6740 /* Grift.xcodeproj */,
				8434FFE91C0B9B0A00B1029D /* Cellulon */,
				8434FFFE1C0B9B0A00B1029D /* CellulonTests */,
				8434FFE81C0B9B0A00B1029D /* Products */,
			);
			sourceTree = "<group>";
		};
		8434FFE81C0B9B0A00B1029D /* Products */ = {
			isa = PBXGroup;
			children = (
				8434FFE71C0B9B0A00B1029D /* Cellulon.app */,
				8434FFFB1C0B9B0A00B1029D /* CellulonTests.xctest */,
			);
			name = Products;
			sourceTree = "<group>";
		};
		8434FFE91C0B9B0A00B1029D /* Cellulon */ = {
			isa = PBXGroup;
			children = (
				842F31FA1C1AFC02002202AB /* README.md */,
				8434FFF11C0B9B0A00B1029D /* Assets.xcassets */,
				8434FFF61C0B9B0A00B1029D /* Info.plist */,
				8409BA771C1331C300962068 /* Interfaces */,
				8409BA781C1331ED00962068 /* Sources */,
			);
			path = Cellulon;
			sourceTree = "<group>";
		};
		8434FFFE1C0B9B0A00B1029D /* CellulonTests */ = {
			isa = PBXGroup;
			children = (
				845F5FBF1C288B43005337E9 /* AutomatonTests.swift */,
				84DF93941C318DBD00813C6C /* Automaton2Test.swift */,
				8409BA8E1C14DBFE00962068 /* BranchTests.swift */,
				8434FFFF1C0B9B0A00B1029D /* CellulonTests.swift */,
				8409BA881C147E5A00962068 /* GridTests.swift */,
				843400011C0B9B0A00B1029D /* Info.plist */,
				8409BA8C1C14DA0200962068 /* LeafTests.swift */,
				8409BA8A1C1481BF00962068 /* PointTests.swift */,
				845F5FBA1C25A725005337E9 /* BitmapTests.swift */,
				845F5FBC1C270D65005337E9 /* bitmapTestImage.png */,
				84DF93961C31ADA400813C6C /* automaton2TestImage_0.png */,
				84DF93971C31ADA400813C6C /* automaton2TestImage_1.png */,
				84DF93981C31ADA400813C6C /* automaton2TestImage_2.png */,
				84DF93991C31ADA400813C6C /* automaton2TestImage_3.png */,
			);
			path = CellulonTests;
			sourceTree = "<group>";
		};
		847660F91C355D2200696B04 /* Automaton 2 OpenGL */ = {
			isa = PBXGroup;
			children = (
				84351E621C3F7A980078D5CF /* David med.png */,
				847660FA1C355D7200696B04 /* Auto2GLView.swift */,
				841B613C1C36E9AF00BE6740 /* Conway.vp */,
				841B613E1C36E9F300BE6740 /* Conway.fp */,
			);
			name = "Automaton 2 OpenGL";
			sourceTree = "<group>";
		};
		84DF93871C2F760800813C6C /* Automaton 2 */ = {
			isa = PBXGroup;
			children = (
				84DF93881C2F765700813C6C /* Automaton2VC.swift */,
				84DF93AC1C32D44400813C6C /* Automaton2View.swift */,
			);
			name = "Automaton 2";
			sourceTree = "<group>";
		};
		84DF93921C306FCE00813C6C /* Automaton 1_5 Collection */ = {
			isa = PBXGroup;
			children = (
				84DF93901C306FC300813C6C /* A1_5Cell.swift */,
				84DF938A1C30656600813C6C /* Automaton1_5CollectionVC.swift */,
				84DF938E1C306DBA00813C6C /* Collection.swift */,
			);
			name = "Automaton 1_5 Collection";
			sourceTree = "<group>";
		};
		84DF93931C308A1100813C6C /* Bitmap creation */ = {
			isa = PBXGroup;
			children = (
				84DC50E11C204FB3007D2DED /* Bitmap.h */,
				84DC50E21C204FB3007D2DED /* Bitmap.m */,
				845F5FB71C25A5B6005337E9 /* Bitmap+ImageCreating.h */,
				845F5FB81C25A5B6005337E9 /* Bitmap+ImageCreating.m */,
			);
			name = "Bitmap creation";
			sourceTree = "<group>";
		};
		84DF93B01C34415800813C6C /* Automaton 2 Metal */ = {
			isa = PBXGroup;
			children = (
				84DF93B11C34417B00813C6C /* Automaton2Metal.swift */,
				84DF93B31C344E3B00813C6C /* MetalView.swift */,
				84DF93B51C34518E00813C6C /* Shaders.metal */,
			);
			name = "Automaton 2 Metal";
			sourceTree = "<group>";
		};
/* End PBXGroup section */

/* Begin PBXNativeTarget section */
		8434FFE61C0B9B0A00B1029D /* Cellulon */ = {
			isa = PBXNativeTarget;
			buildConfigurationList = 843400041C0B9B0A00B1029D /* Build configuration list for PBXNativeTarget "Cellulon" */;
			buildPhases = (
				8434FFE31C0B9B0A00B1029D /* Sources */,
				8434FFE41C0B9B0A00B1029D /* Frameworks */,
				8434FFE51C0B9B0A00B1029D /* Resources */,
				84A715AD1C3ABF6600C8C878 /* CopyFiles */,
			);
			buildRules = (
			);
			dependencies = (
				841B61441C36F4D900BE6740 /* PBXTargetDependency */,
			);
			name = Cellulon;
			productName = Cellulon;
			productReference = 8434FFE71C0B9B0A00B1029D /* Cellulon.app */;
			productType = "com.apple.product-type.application";
		};
		8434FFFA1C0B9B0A00B1029D /* CellulonTests */ = {
			isa = PBXNativeTarget;
			buildConfigurationList = 843400071C0B9B0A00B1029D /* Build configuration list for PBXNativeTarget "CellulonTests" */;
			buildPhases = (
				8434FFF71C0B9B0A00B1029D /* Sources */,
				8434FFF81C0B9B0A00B1029D /* Frameworks */,
				8434FFF91C0B9B0A00B1029D /* Resources */,
			);
			buildRules = (
			);
			dependencies = (
				8434FFFD1C0B9B0A00B1029D /* PBXTargetDependency */,
			);
			name = CellulonTests;
			productName = CellulonTests;
			productReference = 8434FFFB1C0B9B0A00B1029D /* CellulonTests.xctest */;
			productType = "com.apple.product-type.bundle.unit-test";
		};
/* End PBXNativeTarget section */

/* Begin PBXProject section */
		8434FFDF1C0B9B0A00B1029D /* Project object */ = {
			isa = PBXProject;
			attributes = {
				LastSwiftUpdateCheck = 0710;
				LastUpgradeCheck = 0710;
				ORGANIZATIONNAME = "Lichen Labs";
				TargetAttributes = {
					8434FFE61C0B9B0A00B1029D = {
						CreatedOnToolsVersion = 7.1;
						DevelopmentTeam = UA9654EX3X;
					};
					8434FFFA1C0B9B0A00B1029D = {
						CreatedOnToolsVersion = 7.1;
						TestTargetID = 8434FFE61C0B9B0A00B1029D;
					};
				};
			};
			buildConfigurationList = 8434FFE21C0B9B0A00B1029D /* Build configuration list for PBXProject "Cellulon" */;
			compatibilityVersion = "Xcode 3.2";
			developmentRegion = English;
			hasScannedForEncodings = 0;
			knownRegions = (
				en,
				Base,
			);
			mainGroup = 8434FFDE1C0B9B0A00B1029D;
			productRefGroup = 8434FFE81C0B9B0A00B1029D /* Products */;
			projectDirPath = "";
			projectReferences = (
				{
					ProductGroup = 841B612D1C36E94B00BE6740 /* Products */;
					ProjectRef = 841B612C1C36E94B00BE6740 /* Grift.xcodeproj */;
				},
			);
			projectRoot = "";
			targets = (
				8434FFE61C0B9B0A00B1029D /* Cellulon */,
				8434FFFA1C0B9B0A00B1029D /* CellulonTests */,
			);
		};
/* End PBXProject section */

/* Begin PBXReferenceProxy section */
		841B61331C36E94B00BE6740 /* Grift.framework */ = {
			isa = PBXReferenceProxy;
			fileType = wrapper.framework;
			path = Grift.framework;
			remoteRef = 841B61321C36E94B00BE6740 /* PBXContainerItemProxy */;
			sourceTree = BUILT_PRODUCTS_DIR;
		};
		841B61351C36E94B00BE6740 /* GriftTests.xctest */ = {
			isa = PBXReferenceProxy;
			fileType = wrapper.cfbundle;
			path = GriftTests.xctest;
			remoteRef = 841B61341C36E94B00BE6740 /* PBXContainerItemProxy */;
			sourceTree = BUILT_PRODUCTS_DIR;
		};
		841B61371C36E94B00BE6740 /* Filch.app */ = {
			isa = PBXReferenceProxy;
			fileType = wrapper.application;
			path = Filch.app;
			remoteRef = 841B61361C36E94B00BE6740 /* PBXContainerItemProxy */;
			sourceTree = BUILT_PRODUCTS_DIR;
		};
/* End PBXReferenceProxy section */

/* Begin PBXResourcesBuildPhase section */
		8434FFE51C0B9B0A00B1029D /* Resources */ = {
			isa = PBXResourcesBuildPhase;
			buildActionMask = 2147483647;
			files = (
				8434FFF51C0B9B0A00B1029D /* LaunchScreen.storyboard in Resources */,
				8434FFF21C0B9B0A00B1029D /* Assets.xcassets in Resources */,
				8434FFF01C0B9B0A00B1029D /* Main.storyboard in Resources */,
				841B613F1C36E9F300BE6740 /* Conway.fp in Resources */,
				84351E631C3F7A980078D5CF /* David med.png in Resources */,
				841B61421C36F48400BE6740 /* Conway.vp in Resources */,
				84DF93721C2C392E00813C6C /* RuleBitsView.xib in Resources */,
			);
			runOnlyForDeploymentPostprocessing = 0;
		};
		8434FFF91C0B9B0A00B1029D /* Resources */ = {
			isa = PBXResourcesBuildPhase;
			buildActionMask = 2147483647;
			files = (
				84DF93A21C31ADA400813C6C /* automaton2TestImage_1.png in Resources */,
				84DF93A11C31ADA400813C6C /* automaton2TestImage_0.png in Resources */,
				84DF93A41C31ADA400813C6C /* automaton2TestImage_3.png in Resources */,
				84DF93A31C31ADA400813C6C /* automaton2TestImage_2.png in Resources */,
				845F5FBD1C270D65005337E9 /* bitmapTestImage.png in Resources */,
			);
			runOnlyForDeploymentPostprocessing = 0;
		};
/* End PBXResourcesBuildPhase section */

/* Begin PBXSourcesBuildPhase section */
		8434FFE31C0B9B0A00B1029D /* Sources */ = {
			isa = PBXSourcesBuildPhase;
			buildActionMask = 2147483647;
			files = (
				84E86D6F1C1C23B200658C6C /* Automaton.swift in Sources */,
				8409BA831C13356B00962068 /* Branch.swift in Sources */,
				84DF93AD1C32D44400813C6C /* Automaton2View.swift in Sources */,
				84DF937D1C2EEDE600813C6C /* RuleBitsView.swift in Sources */,
				8409BA811C1332DE00962068 /* Tree.swift in Sources */,
				84DF93811C2EEF0000813C6C /* PatternCell.swift in Sources */,
				84DF93891C2F765700813C6C /* Automaton2VC.swift in Sources */,
				84DF937F1C2EEDFE00813C6C /* BitView.swift in Sources */,
				84DF93911C306FC300813C6C /* A1_5Cell.swift in Sources */,
				84DF93B21C34417B00813C6C /* Automaton2Metal.swift in Sources */,
				84DC50E31C204FB3007D2DED /* Bitmap.m in Sources */,
				845F5FC81C2B0045005337E9 /* Settings.swift in Sources */,
				8434FFED1C0B9B0A00B1029D /* Automaton1_5VC.swift in Sources */,
				84DF93851C2EFE4900813C6C /* SettingsOptions.swift in Sources */,
				848607F51C2B080400259B29 /* Table.swift in Sources */,
				845F5FC61C299570005337E9 /* Functions.swift in Sources */,
				8409BA7D1C13329100962068 /* Point.swift in Sources */,
				845F5FC21C29944D005337E9 /* Bitmap.swift in Sources */,
				8434FFEB1C0B9B0A00B1029D /* AppDelegate.swift in Sources */,
				845F5FB91C25A5B6005337E9 /* Bitmap+ImageCreating.m in Sources */,
				84DF93831C2EEF5F00813C6C /* SettingsTable.swift in Sources */,
				847660FB1C355D7200696B04 /* Auto2GLView.swift in Sources */,
				845F5FC41C2994B2005337E9 /* ColorConvertible.swift in Sources */,
				84DF938F1C306DBA00813C6C /* Collection.swift in Sources */,
				84DF938B1C30656600813C6C /* Automaton1_5CollectionVC.swift in Sources */,
				84DF93B41C344E3B00813C6C /* MetalView.swift in Sources */,
				8409BA851C134D9900962068 /* Grid.swift in Sources */,
				8409BA871C134E3800962068 /* Leaf.swift in Sources */,
			);
			runOnlyForDeploymentPostprocessing = 0;
		};
		8434FFF71C0B9B0A00B1029D /* Sources */ = {
			isa = PBXSourcesBuildPhase;
			buildActionMask = 2147483647;
			files = (
				8409BA8B1C1481BF00962068 /* PointTests.swift in Sources */,
				84DF93951C318DBD00813C6C /* Automaton2Test.swift in Sources */,
				8409BA8D1C14DA0200962068 /* LeafTests.swift in Sources */,
				845F5FBB1C25A725005337E9 /* BitmapTests.swift in Sources */,
				8409BA8F1C14DBFE00962068 /* BranchTests.swift in Sources */,
				843400001C0B9B0A00B1029D /* CellulonTests.swift in Sources */,
				845F5FC01C288B43005337E9 /* AutomatonTests.swift in Sources */,
				8409BA891C147E5A00962068 /* GridTests.swift in Sources */,
			);
			runOnlyForDeploymentPostprocessing = 0;
		};
/* End PBXSourcesBuildPhase section */

/* Begin PBXTargetDependency section */
		841B61441C36F4D900BE6740 /* PBXTargetDependency */ = {
			isa = PBXTargetDependency;
			name = Grift;
			targetProxy = 841B61431C36F4D900BE6740 /* PBXContainerItemProxy */;
		};
		8434FFFD1C0B9B0A00B1029D /* PBXTargetDependency */ = {
			isa = PBXTargetDependency;
			target = 8434FFE61C0B9B0A00B1029D /* Cellulon */;
			targetProxy = 8434FFFC1C0B9B0A00B1029D /* PBXContainerItemProxy */;
		};
/* End PBXTargetDependency section */

/* Begin PBXVariantGroup section */
		8434FFEE1C0B9B0A00B1029D /* Main.storyboard */ = {
			isa = PBXVariantGroup;
			children = (
				8434FFEF1C0B9B0A00B1029D /* Base */,
			);
			name = Main.storyboard;
			sourceTree = "<group>";
		};
		8434FFF31C0B9B0A00B1029D /* LaunchScreen.storyboard */ = {
			isa = PBXVariantGroup;
			children = (
				8434FFF41C0B9B0A00B1029D /* Base */,
			);
			name = LaunchScreen.storyboard;
			sourceTree = "<group>";
		};
/* End PBXVariantGroup section */

/* Begin XCBuildConfiguration section */
		843400021C0B9B0A00B1029D /* Debug */ = {
			isa = XCBuildConfiguration;
			buildSettings = {
				ALWAYS_SEARCH_USER_PATHS = NO;
				CLANG_CXX_LANGUAGE_STANDARD = "gnu++0x";
				CLANG_CXX_LIBRARY = "libc++";
				CLANG_ENABLE_MODULES = YES;
				CLANG_ENABLE_OBJC_ARC = YES;
				CLANG_WARN_BOOL_CONVERSION = YES;
				CLANG_WARN_CONSTANT_CONVERSION = YES;
				CLANG_WARN_DIRECT_OBJC_ISA_USAGE = YES_ERROR;
				CLANG_WARN_EMPTY_BODY = YES;
				CLANG_WARN_ENUM_CONVERSION = YES;
				CLANG_WARN_INT_CONVERSION = YES;
				CLANG_WARN_OBJC_ROOT_CLASS = YES_ERROR;
				CLANG_WARN_UNREACHABLE_CODE = YES;
				CLANG_WARN__DUPLICATE_METHOD_MATCH = YES;
				"CODE_SIGN_IDENTITY[sdk=iphoneos*]" = "iPhone Developer";
				COPY_PHASE_STRIP = NO;
				DEBUG_INFORMATION_FORMAT = dwarf;
				ENABLE_STRICT_OBJC_MSGSEND = YES;
				ENABLE_TESTABILITY = YES;
				GCC_C_LANGUAGE_STANDARD = gnu99;
				GCC_DYNAMIC_NO_PIC = NO;
				GCC_NO_COMMON_BLOCKS = YES;
				GCC_OPTIMIZATION_LEVEL = 0;
				GCC_PREPROCESSOR_DEFINITIONS = (
					"DEBUG=1",
					"$(inherited)",
				);
				GCC_WARN_64_TO_32_BIT_CONVERSION = YES;
				GCC_WARN_ABOUT_RETURN_TYPE = YES_ERROR;
				GCC_WARN_UNDECLARED_SELECTOR = YES;
				GCC_WARN_UNINITIALIZED_AUTOS = YES_AGGRESSIVE;
				GCC_WARN_UNUSED_FUNCTION = YES;
				GCC_WARN_UNUSED_VARIABLE = YES;
				IPHONEOS_DEPLOYMENT_TARGET = 9.1;
				MTL_ENABLE_DEBUG_INFO = YES;
				ONLY_ACTIVE_ARCH = YES;
				SDKROOT = iphoneos;
				SWIFT_OPTIMIZATION_LEVEL = "-Onone";
				TARGETED_DEVICE_FAMILY = "1,2";
			};
			name = Debug;
		};
		843400031C0B9B0A00B1029D /* Release */ = {
			isa = XCBuildConfiguration;
			buildSettings = {
				ALWAYS_SEARCH_USER_PATHS = NO;
				CLANG_CXX_LANGUAGE_STANDARD = "gnu++0x";
				CLANG_CXX_LIBRARY = "libc++";
				CLANG_ENABLE_MODULES = YES;
				CLANG_ENABLE_OBJC_ARC = YES;
				CLANG_WARN_BOOL_CONVERSION = YES;
				CLANG_WARN_CONSTANT_CONVERSION = YES;
				CLANG_WARN_DIRECT_OBJC_ISA_USAGE = YES_ERROR;
				CLANG_WARN_EMPTY_BODY = YES;
				CLANG_WARN_ENUM_CONVERSION = YES;
				CLANG_WARN_INT_CONVERSION = YES;
				CLANG_WARN_OBJC_ROOT_CLASS = YES_ERROR;
				CLANG_WARN_UNREACHABLE_CODE = YES;
				CLANG_WARN__DUPLICATE_METHOD_MATCH = YES;
				"CODE_SIGN_IDENTITY[sdk=iphoneos*]" = "iPhone Developer";
				COPY_PHASE_STRIP = NO;
				DEBUG_INFORMATION_FORMAT = "dwarf-with-dsym";
				ENABLE_NS_ASSERTIONS = NO;
				ENABLE_STRICT_OBJC_MSGSEND = YES;
				GCC_C_LANGUAGE_STANDARD = gnu99;
				GCC_NO_COMMON_BLOCKS = YES;
				GCC_WARN_64_TO_32_BIT_CONVERSION = YES;
				GCC_WARN_ABOUT_RETURN_TYPE = YES_ERROR;
				GCC_WARN_UNDECLARED_SELECTOR = YES;
				GCC_WARN_UNINITIALIZED_AUTOS = YES_AGGRESSIVE;
				GCC_WARN_UNUSED_FUNCTION = YES;
				GCC_WARN_UNUSED_VARIABLE = YES;
				IPHONEOS_DEPLOYMENT_TARGET = 9.1;
				MTL_ENABLE_DEBUG_INFO = NO;
				SDKROOT = iphoneos;
				TARGETED_DEVICE_FAMILY = "1,2";
				VALIDATE_PRODUCT = YES;
			};
			name = Release;
		};
		843400051C0B9B0A00B1029D /* Debug */ = {
			isa = XCBuildConfiguration;
			buildSettings = {
				ASSETCATALOG_COMPILER_APPICON_NAME = AppIcon;
				CLANG_ENABLE_MODULES = YES;
				CODE_SIGN_IDENTITY = "iPhone Developer";
				INFOPLIST_FILE = Cellulon/Info.plist;
				LD_RUNPATH_SEARCH_PATHS = "$(inherited) @executable_path/Frameworks";
				PRODUCT_BUNDLE_IDENTIFIER = "com.lichen-labs.Cellulon";
				PRODUCT_NAME = "$(TARGET_NAME)";
				SWIFT_OBJC_BRIDGING_HEADER = "Cellulon/Cellulon-Bridging-Header.h";
				SWIFT_OPTIMIZATION_LEVEL = "-Onone";
			};
			name = Debug;
		};
		843400061C0B9B0A00B1029D /* Release */ = {
			isa = XCBuildConfiguration;
			buildSettings = {
				ASSETCATALOG_COMPILER_APPICON_NAME = AppIcon;
				CLANG_ENABLE_MODULES = YES;
				CODE_SIGN_IDENTITY = "iPhone Developer";
				INFOPLIST_FILE = Cellulon/Info.plist;
				LD_RUNPATH_SEARCH_PATHS = "$(inherited) @executable_path/Frameworks";
				PRODUCT_BUNDLE_IDENTIFIER = "com.lichen-labs.Cellulon";
				PRODUCT_NAME = "$(TARGET_NAME)";
				SWIFT_OBJC_BRIDGING_HEADER = "Cellulon/Cellulon-Bridging-Header.h";
			};
			name = Release;
		};
		843400081C0B9B0A00B1029D /* Debug */ = {
			isa = XCBuildConfiguration;
			buildSettings = {
				BUNDLE_LOADER = "$(TEST_HOST)";
				INFOPLIST_FILE = CellulonTests/Info.plist;
				LD_RUNPATH_SEARCH_PATHS = "$(inherited) @executable_path/Frameworks @loader_path/Frameworks";
				PRODUCT_BUNDLE_IDENTIFIER = "com.lichen-labs.CellulonTests";
				PRODUCT_NAME = "$(TARGET_NAME)";
				TEST_HOST = "$(BUILT_PRODUCTS_DIR)/Cellulon.app/Cellulon";
			};
			name = Debug;
		};
		843400091C0B9B0A00B1029D /* Release */ = {
			isa = XCBuildConfiguration;
			buildSettings = {
				BUNDLE_LOADER = "$(TEST_HOST)";
				INFOPLIST_FILE = CellulonTests/Info.plist;
				LD_RUNPATH_SEARCH_PATHS = "$(inherited) @executable_path/Frameworks @loader_path/Frameworks";
				PRODUCT_BUNDLE_IDENTIFIER = "com.lichen-labs.CellulonTests";
				PRODUCT_NAME = "$(TARGET_NAME)";
				TEST_HOST = "$(BUILT_PRODUCTS_DIR)/Cellulon.app/Cellulon";
			};
			name = Release;
		};
/* End XCBuildConfiguration section */

/* Begin XCConfigurationList section */
		843400041C0B9B0A00B1029D /* Build configuration list for PBXNativeTarget "Cellulon" */ = {
			isa = XCConfigurationList;
			buildConfigurations = (
				843400051C0B9B0A00B1029D /* Debug */,
				843400061C0B9B0A00B1029D /* Release */,
			);
			defaultConfigurationIsVisible = 0;
			defaultConfigurationName = Release;
		};
		843400071C0B9B0A00B1029D /* Build configuration list for PBXNativeTarget "CellulonTests" */ = {
			isa = XCConfigurationList;
			buildConfigurations = (
				843400081C0B9B0A00B1029D /* Debug */,
				843400091C0B9B0A00B1029D /* Release */,
			);
			defaultConfigurationIsVisible = 0;
			defaultConfigurationName = Release;
		};
		8434FFE21C0B9B0A00B1029D /* Build configuration list for PBXProject "Cellulon" */ = {
			isa = XCConfigurationList;
			buildConfigurations = (
				843400021C0B9B0A00B1029D /* Debug */,
				843400031C0B9B0A00B1029D /* Release */,
			);
			defaultConfigurationIsVisible = 0;
			defaultConfigurationName = Release;
		};
/* End XCConfigurationList section */
	};
	rootObject = 8434FFDF1C0B9B0A00B1029D /* Project object */;
}
